// !$*UTF8*$!
{
	archiveVersion = 1;
	classes = {
	};
	objectVersion = 46;
	objects = {

/* Begin PBXBuildFile section */
		5D2287641D3E8A2500DD2C41 /* AppDelegate.swift in Sources */ = {isa = PBXBuildFile; fileRef = 5D2287631D3E8A2500DD2C41 /* AppDelegate.swift */; };
		5D2287661D3E8A2500DD2C41 /* ViewController.swift in Sources */ = {isa = PBXBuildFile; fileRef = 5D2287651D3E8A2500DD2C41 /* ViewController.swift */; };
		5D2287691D3E8A2500DD2C41 /* Main.storyboard in Resources */ = {isa = PBXBuildFile; fileRef = 5D2287671D3E8A2500DD2C41 /* Main.storyboard */; };
		5D22876B1D3E8A2500DD2C41 /* Assets.xcassets in Resources */ = {isa = PBXBuildFile; fileRef = 5D22876A1D3E8A2500DD2C41 /* Assets.xcassets */; };
		5D22876E1D3E8A2500DD2C41 /* LaunchScreen.storyboard in Resources */ = {isa = PBXBuildFile; fileRef = 5D22876C1D3E8A2500DD2C41 /* LaunchScreen.storyboard */; };
/* End PBXBuildFile section */

/* Begin PBXFileReference section */
		5D2287601D3E8A2500DD2C41 /* MemeMe.app */ = {isa = PBXFileReference; explicitFileType = wrapper.application; includeInIndex = 0; path = MemeMe.app; sourceTree = BUILT_PRODUCTS_DIR; };
		5D2287631D3E8A2500DD2C41 /* AppDelegate.swift */ = {isa = PBXFileReference; lastKnownFileType = sourcecode.swift; path = AppDelegate.swift; sourceTree = "<group>"; };
		5D2287651D3E8A2500DD2C41 /* ViewController.swift */ = {isa = PBXFileReference; lastKnownFileType = sourcecode.swift; path = ViewController.swift; sourceTree = "<group>"; };
		5D2287681D3E8A2500DD2C41 /* Base */ = {isa = PBXFileReference; lastKnownFileType = file.storyboard; name = Base; path = Base.lproj/Main.storyboard; sourceTree = "<group>"; };
		5D22876A1D3E8A2500DD2C41 /* Assets.xcassets */ = {isa = PBXFileReference; lastKnownFileType = folder.assetcatalog; path = Assets.xcassets; sourceTree = "<group>"; };
		5D22876D1D3E8A2500DD2C41 /* Base */ = {isa = PBXFileReference; lastKnownFileType = file.storyboard; name = Base; path = Base.lproj/LaunchScreen.storyboard; sourceTree = "<group>"; };
		5D22876F1D3E8A2500DD2C41 /* Info.plist */ = {isa = PBXFileReference; lastKnownFileType = text.plist.xml; path = Info.plist; sourceTree = "<group>"; };
/* End PBXFileReference section */

/* Begin PBXFrameworksBuildPhase section */
		5D22875D1D3E8A2500DD2C41 /* Frameworks */ = {
			isa = PBXFrameworksBuildPhase;
			buildActionMask = 2147483647;
			files = (
			);
			runOnlyForDeploymentPostprocessing = 0;
		};
/* End PBXFrameworksBuildPhase section */

/* Begin PBXGroup section */
		5D2287571D3E8A2500DD2C41 = {
			isa = PBXGroup;
			children = (
				5D2287621D3E8A2500DD2C41 /* MemeMe */,
				5D2287611D3E8A2500DD2C41 /* Products */,
			);
			sourceTree = "<group>";
		};
		5D2287611D3E8A2500DD2C41 /* Products */ = {
			isa = PBXGroup;
			children = (
				5D2287601D3E8A2500DD2C41 /* MemeMe.app */,
			);
			name = Products;
			sourceTree = "<group>";
		};
		5D2287621D3E8A2500DD2C41 /* MemeMe */ = {
			isa = PBXGroup;
			children = (
				5D2287631D3E8A2500DD2C41 /* AppDelegate.swift */,
				5D2287651D3E8A2500DD2C41 /* ViewController.swift */,
				5D2287671D3E8A2500DD2C41 /* Main.storyboard */,
				5D22876A1D3E8A2500DD2C41 /* Assets.xcassets */,
				5D22876C1D3E8A2500DD2C41 /* LaunchScreen.storyboard */,
				5D22876F1D3E8A2500DD2C41 /* Info.plist */,
			);
			path = MemeMe;
			sourceTree = "<group>";
		};
/* End PBXGroup section */

/* Begin PBXNativeTarget section */
		5D22875F1D3E8A2500DD2C41 /* MemeMe */ = {
			isa = PBXNativeTarget;
			buildConfigurationList = 5D2287721D3E8A2500DD2C41 /* Build configuration list for PBXNativeTarget "MemeMe" */;
			buildPhases = (
				5D22875C1D3E8A2500DD2C41 /* Sources */,
				5D22875D1D3E8A2500DD2C41 /* Frameworks */,
				5D22875E1D3E8A2500DD2C41 /* Resources */,
			);
			buildRules = (
			);
			dependencies = (
			);
			name = MemeMe;
			productName = MemeMe;
			productReference = 5D2287601D3E8A2500DD2C41 /* MemeMe.app */;
			productType = "com.apple.product-type.application";
		};
/* End PBXNativeTarget section */

/* Begin PBXProject section */
		5D2287581D3E8A2500DD2C41 /* Project object */ = {
			isa = PBXProject;
			attributes = {
				LastSwiftUpdateCheck = 0720;
				LastUpgradeCheck = 0720;
				ORGANIZATIONNAME = "Joel Pratt";
				TargetAttributes = {
					5D22875F1D3E8A2500DD2C41 = {
						CreatedOnToolsVersion = 7.2;
						DevelopmentTeam = Q379959Y72;
					};
				};
			};
			buildConfigurationList = 5D22875B1D3E8A2500DD2C41 /* Build configuration list for PBXProject "MemeMe" */;
			compatibilityVersion = "Xcode 3.2";
			developmentRegion = English;
			hasScannedForEncodings = 0;
			knownRegions = (
				en,
				Base,
			);
			mainGroup = 5D2287571D3E8A2500DD2C41;
			productRefGroup = 5D2287611D3E8A2500DD2C41 /* Products */;
			projectDirPath = "";
			projectRoot = "";
			targets = (
				5D22875F1D3E8A2500DD2C41 /* MemeMe */,
			);
		};
/* End PBXProject section */

/* Begin PBXResourcesBuildPhase section */
		5D22875E1D3E8A2500DD2C41 /* Resources */ = {
			isa = PBXResourcesBuildPhase;
			buildActionMask = 2147483647;
			files = (
				5D22876E1D3E8A2500DD2C41 /* LaunchScreen.storyboard in Resources */,
				5D22876B1D3E8A2500DD2C41 /* Assets.xcassets in Resources */,
				5D2287691D3E8A2500DD2C41 /* Main.storyboard in Resources */,
			);
			runOnlyForDeploymentPostprocessing = 0;
		};
/* End PBXResourcesBuildPhase section */

/* Begin PBXSourcesBuildPhase section */
		5D22875C1D3E8A2500DD2C41 /* Sources */ = {
			isa = PBXSourcesBuildPhase;
			buildActionMask = 2147483647;
			files = (
				5D2287661D3E8A2500DD2C41 /* ViewController.swift in Sources */,
				5D2287641D3E8A2500DD2C41 /* AppDelegate.swift in Sources */,
			);
			runOnlyForDeploymentPostprocessing = 0;
		};
/* End PBXSourcesBuildPhase section */

/* Begin PBXVariantGroup section */
		5D2287671D3E8A2500DD2C41 /* Main.storyboard */ = {
			isa = PBXVariantGroup;
			children = (
				5D2287681D3E8A2500DD2C41 /* Base */,
			);
			name = Main.storyboard;
			sourceTree = "<group>";
		};
		5D22876C1D3E8A2500DD2C41 /* LaunchScreen.storyboard */ = {
			isa = PBXVariantGroup;
			children = (
				5D22876D1D3E8A2500DD2C41 /* Base */,
			);
			name = LaunchScreen.storyboard;
			sourceTree = "<group>";
		};
/* End PBXVariantGroup section */

/* Begin XCBuildConfiguration section */
		5D2287701D3E8A2500DD2C41 /* Debug */ = {
			isa = XCBuildConfiguration;
			buildSettings = {
				ALWAYS_SEARCH_USER_PATHS = NO;
				CLANG_CXX_LANGUAGE_STANDARD = "gnu++0x";
				CLANG_CXX_LIBRARY = "libc++";
				CLANG_ENABLE_MODULES = YES;
				CLANG_ENABLE_OBJC_ARC = YES;
				CLANG_WARN_BOOL_CONVERSION = YES;
				CLANG_WARN_CONSTANT_CONVERSION = YES;
				CLANG_WARN_DIRECT_OBJC_ISA_USAGE = YES_ERROR;
				CLANG_WARN_EMPTY_BODY = YES;
				CLANG_WARN_ENUM_CONVERSION = YES;
				CLANG_WARN_INT_CONVERSION = YES;
				CLANG_WARN_OBJC_ROOT_CLASS = YES_ERROR;
				CLANG_WARN_UNREACHABLE_CODE = YES;
				CLANG_WARN__DUPLICATE_METHOD_MATCH = YES;
				"CODE_SIGN_IDENTITY[sdk=iphoneos*]" = "iPhone Developer";
				COPY_PHASE_STRIP = NO;
				DEBUG_INFORMATION_FORMAT = dwarf;
				ENABLE_STRICT_OBJC_MSGSEND = YES;
				ENABLE_TESTABILITY = YES;
				GCC_C_LANGUAGE_STANDARD = gnu99;
				GCC_DYNAMIC_NO_PIC = NO;
				GCC_NO_COMMON_BLOCKS = YES;
				GCC_OPTIMIZATION_LEVEL = 0;
				GCC_PREPROCESSOR_DEFINITIONS = (
					"DEBUG=1",
					"$(inherited)",
				);
				GCC_WARN_64_TO_32_BIT_CONVERSION = YES;
				GCC_WARN_ABOUT_RETURN_TYPE = YES_ERROR;
				GCC_WARN_UNDECLARED_SELECTOR = YES;
				GCC_WARN_UNINITIALIZED_AUTOS = YES_AGGRESSIVE;
				GCC_WARN_UNUSED_FUNCTION = YES;
				GCC_WARN_UNUSED_VARIABLE = YES;
				IPHONEOS_DEPLOYMENT_TARGET = 9.2;
				MTL_ENABLE_DEBUG_INFO = YES;
				ONLY_ACTIVE_ARCH = YES;
				SDKROOT = iphoneos;
				SWIFT_OPTIMIZATION_LEVEL = "-Onone";
			};
			name = Debug;
		};
		5D2287711D3E8A2500DD2C41 /* Release */ = {
			isa = XCBuildConfiguration;
			buildSettings = {
				ALWAYS_SEARCH_USER_PATHS = NO;
				CLANG_CXX_LANGUAGE_STANDARD = "gnu++0x";
				CLANG_CXX_LIBRARY = "libc++";
				CLANG_ENABLE_MODULES = YES;
				CLANG_ENABLE_OBJC_ARC = YES;
				CLANG_WARN_BOOL_CONVERSION = YES;
				CLANG_WARN_CONSTANT_CONVERSION = YES;
				CLANG_WARN_DIRECT_OBJC_ISA_USAGE = YES_ERROR;
				CLANG_WARN_EMPTY_BODY = YES;
				CLANG_WARN_ENUM_CONVERSION = YES;
				CLANG_WARN_INT_CONVERSION = YES;
				CLANG_WARN_OBJC_ROOT_CLASS = YES_ERROR;
				CLANG_WARN_UNREACHABLE_CODE = YES;
				CLANG_WARN__DUPLICATE_METHOD_MATCH = YES;
				"CODE_SIGN_IDENTITY[sdk=iphoneos*]" = "iPhone Developer";
				COPY_PHASE_STRIP = NO;
				DEBUG_INFORMATION_FORMAT = "dwarf-with-dsym";
				ENABLE_NS_ASSERTIONS = NO;
				ENABLE_STRICT_OBJC_MSGSEND = YES;
				GCC_C_LANGUAGE_STANDARD = gnu99;
				GCC_NO_COMMON_BLOCKS = YES;
				GCC_WARN_64_TO_32_BIT_CONVERSION = YES;
				GCC_WARN_ABOUT_RETURN_TYPE = YES_ERROR;
				GCC_WARN_UNDECLARED_SELECTOR = YES;
				GCC_WARN_UNINITIALIZED_AUTOS = YES_AGGRESSIVE;
				GCC_WARN_UNUSED_FUNCTION = YES;
				GCC_WARN_UNUSED_VARIABLE = YES;
				IPHONEOS_DEPLOYMENT_TARGET = 9.2;
				MTL_ENABLE_DEBUG_INFO = NO;
				SDKROOT = iphoneos;
				VALIDATE_PRODUCT = YES;
			};
			name = Release;
		};
		5D2287731D3E8A2500DD2C41 /* Debug */ = {
			isa = XCBuildConfiguration;
			buildSettings = {
				ASSETCATALOG_COMPILER_APPICON_NAME = AppIcon;
				INFOPLIST_FILE = MemeMe/Info.plist;
				LD_RUNPATH_SEARCH_PATHS = "$(inherited) @executable_path/Frameworks";
				PRODUCT_BUNDLE_IDENTIFIER = com.joelpratt.MemeMe;
				PRODUCT_NAME = "$(TARGET_NAME)";
			};
			name = Debug;
		};
		5D2287741D3E8A2500DD2C41 /* Release */ = {
			isa = XCBuildConfiguration;
			buildSettings = {
				ASSETCATALOG_COMPILER_APPICON_NAME = AppIcon;
				INFOPLIST_FILE = MemeMe/Info.plist;
				LD_RUNPATH_SEARCH_PATHS = "$(inherited) @executable_path/Frameworks";
				PRODUCT_BUNDLE_IDENTIFIER = com.joelpratt.MemeMe;
				PRODUCT_NAME = "$(TARGET_NAME)";
			};
			name = Release;
		};
/* End XCBuildConfiguration section */

/* Begin XCConfigurationList section */
		5D22875B1D3E8A2500DD2C41 /* Build configuration list for PBXProject "MemeMe" */ = {
			isa = XCConfigurationList;
			buildConfigurations = (
				5D2287701D3E8A2500DD2C41 /* Debug */,
				5D2287711D3E8A2500DD2C41 /* Release */,
			);
			defaultConfigurationIsVisible = 0;
			defaultConfigurationName = Release;
		};
		5D2287721D3E8A2500DD2C41 /* Build configuration list for PBXNativeTarget "MemeMe" */ = {
			isa = XCConfigurationList;
			buildConfigurations = (
				5D2287731D3E8A2500DD2C41 /* Debug */,
				5D2287741D3E8A2500DD2C41 /* Release */,
			);
			defaultConfigurationIsVisible = 0;
		};
/* End XCConfigurationList section */
	};
	rootObject = 5D2287581D3E8A2500DD2C41 /* Project object */;
}
